
Microsoft Visual Studio Solution File, Format Version 12.00
# Visual Studio Version 16
VisualStudioVersion = 16.0.30320.27
MinimumVisualStudioVersion = 10.0.40219.1
Project("{FAE04EC0-301F-11D3-BF4B-00C04F79EFBC}") = "ConsoleStringAssignment", "ConsoleStringAssignment.csproj", "{8D02468E-0CEE-4EFE-96E9-90A45FC1265F}"
EndProject
Global
	GlobalSection(SolutionConfigurationPlatforms) = preSolution
		Debug|Any CPU = Debug|Any CPU
		Release|Any CPU = Release|Any CPU
	EndGlobalSection
	GlobalSection(ProjectConfigurationPlatforms) = postSolution
		{8D02468E-0CEE-4EFE-96E9-90A45FC1265F}.Debug|Any CPU.ActiveCfg = Debug|Any CPU
		{8D02468E-0CEE-4EFE-96E9-90A45FC1265F}.Debug|Any CPU.Build.0 = Debug|Any CPU
		{8D02468E-0CEE-4EFE-96E9-90A45FC1265F}.Release|Any CPU.ActiveCfg = Release|Any CPU
		{8D02468E-0CEE-4EFE-96E9-90A45FC1265F}.Release|Any CPU.Build.0 = Release|Any CPU
	EndGlobalSection
	GlobalSection(SolutionProperties) = preSolution
		HideSolutionNode = FALSE
	EndGlobalSection
	GlobalSection(ExtensibilityGlobals) = postSolution
		SolutionGuid = {D873E356-AB71-45E7-94A9-967788C23F62}
	EndGlobalSection
EndGlobal
